// !$*UTF8*$!
{
	archiveVersion = 1;
	classes = {
	};
	objectVersion = 56;
	objects = {

/* Begin PBXBuildFile section */
		F414D2C82C21C0EC007F40B0 /* AppDelegate.swift in Sources */ = {isa = PBXBuildFile; fileRef = F414D2C72C21C0EC007F40B0 /* AppDelegate.swift */; };
		F414D2CA2C21C0EC007F40B0 /* GameScene.sks in Resources */ = {isa = PBXBuildFile; fileRef = F414D2C92C21C0EC007F40B0 /* GameScene.sks */; };
		F414D2CC2C21C0EC007F40B0 /* Actions.sks in Resources */ = {isa = PBXBuildFile; fileRef = F414D2CB2C21C0EC007F40B0 /* Actions.sks */; };
		F414D2CE2C21C0EC007F40B0 /* GameScene.swift in Sources */ = {isa = PBXBuildFile; fileRef = F414D2CD2C21C0EC007F40B0 /* GameScene.swift */; };
		F414D2D02C21C0EC007F40B0 /* GameViewController.swift in Sources */ = {isa = PBXBuildFile; fileRef = F414D2CF2C21C0EC007F40B0 /* GameViewController.swift */; };
		F414D2D32C21C0EC007F40B0 /* Base in Resources */ = {isa = PBXBuildFile; fileRef = F414D2D22C21C0EC007F40B0 /* Base */; };
		F414D2D52C21C0EF007F40B0 /* Assets.xcassets in Resources */ = {isa = PBXBuildFile; fileRef = F414D2D42C21C0EF007F40B0 /* Assets.xcassets */; };
		F414D2D82C21C0EF007F40B0 /* Base in Resources */ = {isa = PBXBuildFile; fileRef = F414D2D72C21C0EF007F40B0 /* Base */; };
		F414D2E22C21C0EF007F40B0 /* SpracyShooterTests.swift in Sources */ = {isa = PBXBuildFile; fileRef = F414D2E12C21C0EF007F40B0 /* SpracyShooterTests.swift */; };
		F414D2EC2C21C0EF007F40B0 /* SpracyShooterUITests.swift in Sources */ = {isa = PBXBuildFile; fileRef = F414D2EB2C21C0EF007F40B0 /* SpracyShooterUITests.swift */; };
		F414D2EE2C21C0EF007F40B0 /* SpracyShooterUITestsLaunchTests.swift in Sources */ = {isa = PBXBuildFile; fileRef = F414D2ED2C21C0EF007F40B0 /* SpracyShooterUITestsLaunchTests.swift */; };
		F414D2FB2C21CDDC007F40B0 /* whizzby-41134.mp3 in Resources */ = {isa = PBXBuildFile; fileRef = F414D2FA2C21CDDB007F40B0 /* whizzby-41134.mp3 */; };
		F414D3002C2208E2007F40B0 /* explosionSound.mp3 in Resources */ = {isa = PBXBuildFile; fileRef = F414D2FF2C2208E2007F40B0 /* explosionSound.mp3 */; };
		F414D3042C23435B007F40B0 /* GameOverView.swift in Sources */ = {isa = PBXBuildFile; fileRef = F414D3032C23435B007F40B0 /* GameOverView.swift */; };
/* End PBXBuildFile section */

/* Begin PBXContainerItemProxy section */
		F414D2DE2C21C0EF007F40B0 /* PBXContainerItemProxy */ = {
			isa = PBXContainerItemProxy;
			containerPortal = F414D2BC2C21C0EC007F40B0 /* Project object */;
			proxyType = 1;
			remoteGlobalIDString = F414D2C32C21C0EC007F40B0;
			remoteInfo = SpracyShooter;
		};
		F414D2E82C21C0EF007F40B0 /* PBXContainerItemProxy */ = {
			isa = PBXContainerItemProxy;
			containerPortal = F414D2BC2C21C0EC007F40B0 /* Project object */;
			proxyType = 1;
			remoteGlobalIDString = F414D2C32C21C0EC007F40B0;
			remoteInfo = SpracyShooter;
		};
/* End PBXContainerItemProxy section */

/* Begin PBXFileReference section */
		F414D2C42C21C0EC007F40B0 /* SpracyShooter.app */ = {isa = PBXFileReference; explicitFileType = wrapper.application; includeInIndex = 0; path = SpracyShooter.app; sourceTree = BUILT_PRODUCTS_DIR; };
		F414D2C72C21C0EC007F40B0 /* AppDelegate.swift */ = {isa = PBXFileReference; lastKnownFileType = sourcecode.swift; path = AppDelegate.swift; sourceTree = "<group>"; };
		F414D2C92C21C0EC007F40B0 /* GameScene.sks */ = {isa = PBXFileReference; lastKnownFileType = file.sks; path = GameScene.sks; sourceTree = "<group>"; };
		F414D2CB2C21C0EC007F40B0 /* Actions.sks */ = {isa = PBXFileReference; lastKnownFileType = file.sks; path = Actions.sks; sourceTree = "<group>"; };
		F414D2CD2C21C0EC007F40B0 /* GameScene.swift */ = {isa = PBXFileReference; lastKnownFileType = sourcecode.swift; path = GameScene.swift; sourceTree = "<group>"; };
		F414D2CF2C21C0EC007F40B0 /* GameViewController.swift */ = {isa = PBXFileReference; lastKnownFileType = sourcecode.swift; path = GameViewController.swift; sourceTree = "<group>"; };
		F414D2D22C21C0EC007F40B0 /* Base */ = {isa = PBXFileReference; lastKnownFileType = file.storyboard; name = Base; path = Base.lproj/Main.storyboard; sourceTree = "<group>"; };
		F414D2D42C21C0EF007F40B0 /* Assets.xcassets */ = {isa = PBXFileReference; lastKnownFileType = folder.assetcatalog; path = Assets.xcassets; sourceTree = "<group>"; };
		F414D2D72C21C0EF007F40B0 /* Base */ = {isa = PBXFileReference; lastKnownFileType = file.storyboard; name = Base; path = Base.lproj/LaunchScreen.storyboard; sourceTree = "<group>"; };
		F414D2DD2C21C0EF007F40B0 /* SpracyShooterTests.xctest */ = {isa = PBXFileReference; explicitFileType = wrapper.cfbundle; includeInIndex = 0; path = SpracyShooterTests.xctest; sourceTree = BUILT_PRODUCTS_DIR; };
		F414D2E12C21C0EF007F40B0 /* SpracyShooterTests.swift */ = {isa = PBXFileReference; lastKnownFileType = sourcecode.swift; path = SpracyShooterTests.swift; sourceTree = "<group>"; };
		F414D2E72C21C0EF007F40B0 /* SpracyShooterUITests.xctest */ = {isa = PBXFileReference; explicitFileType = wrapper.cfbundle; includeInIndex = 0; path = SpracyShooterUITests.xctest; sourceTree = BUILT_PRODUCTS_DIR; };
		F414D2EB2C21C0EF007F40B0 /* SpracyShooterUITests.swift */ = {isa = PBXFileReference; lastKnownFileType = sourcecode.swift; path = SpracyShooterUITests.swift; sourceTree = "<group>"; };
		F414D2ED2C21C0EF007F40B0 /* SpracyShooterUITestsLaunchTests.swift */ = {isa = PBXFileReference; lastKnownFileType = sourcecode.swift; path = SpracyShooterUITestsLaunchTests.swift; sourceTree = "<group>"; };
		F414D2FA2C21CDDB007F40B0 /* whizzby-41134.mp3 */ = {isa = PBXFileReference; lastKnownFileType = audio.mp3; name = "whizzby-41134.mp3"; path = "../../../../Downloads/whizzby-41134.mp3"; sourceTree = "<group>"; };
		F414D2FC2C21CDEF007F40B0 /* whizzby-41134.mp3 */ = {isa = PBXFileReference; lastKnownFileType = audio.mp3; path = "whizzby-41134.mp3"; sourceTree = "<group>"; };
		F414D2FF2C2208E2007F40B0 /* explosionSound.mp3 */ = {isa = PBXFileReference; lastKnownFileType = audio.mp3; path = explosionSound.mp3; sourceTree = "<group>"; };
		F414D3032C23435B007F40B0 /* GameOverView.swift */ = {isa = PBXFileReference; lastKnownFileType = sourcecode.swift; path = GameOverView.swift; sourceTree = "<group>"; };
/* End PBXFileReference section */

/* Begin PBXFrameworksBuildPhase section */
		F414D2C12C21C0EC007F40B0 /* Frameworks */ = {
			isa = PBXFrameworksBuildPhase;
			buildActionMask = 2147483647;
			files = (
			);
			runOnlyForDeploymentPostprocessing = 0;
		};
		F414D2DA2C21C0EF007F40B0 /* Frameworks */ = {
			isa = PBXFrameworksBuildPhase;
			buildActionMask = 2147483647;
			files = (
			);
			runOnlyForDeploymentPostprocessing = 0;
		};
		F414D2E42C21C0EF007F40B0 /* Frameworks */ = {
			isa = PBXFrameworksBuildPhase;
			buildActionMask = 2147483647;
			files = (
			);
			runOnlyForDeploymentPostprocessing = 0;
		};
/* End PBXFrameworksBuildPhase section */

/* Begin PBXGroup section */
		F414D2BB2C21C0EC007F40B0 = {
			isa = PBXGroup;
			children = (
				F414D2C62C21C0EC007F40B0 /* SpracyShooter */,
				F414D2E02C21C0EF007F40B0 /* SpracyShooterTests */,
				F414D2EA2C21C0EF007F40B0 /* SpracyShooterUITests */,
				F414D2C52C21C0EC007F40B0 /* Products */,
			);
			sourceTree = "<group>";
		};
		F414D2C52C21C0EC007F40B0 /* Products */ = {
			isa = PBXGroup;
			children = (
				F414D2C42C21C0EC007F40B0 /* SpracyShooter.app */,
				F414D2DD2C21C0EF007F40B0 /* SpracyShooterTests.xctest */,
				F414D2E72C21C0EF007F40B0 /* SpracyShooterUITests.xctest */,
			);
			name = Products;
			sourceTree = "<group>";
		};
		F414D2C62C21C0EC007F40B0 /* SpracyShooter */ = {
			isa = PBXGroup;
			children = (
				F414D2C72C21C0EC007F40B0 /* AppDelegate.swift */,
				F414D2C92C21C0EC007F40B0 /* GameScene.sks */,
				F414D2CB2C21C0EC007F40B0 /* Actions.sks */,
				F414D2CD2C21C0EC007F40B0 /* GameScene.swift */,
				F414D2FF2C2208E2007F40B0 /* explosionSound.mp3 */,
				F414D2FC2C21CDEF007F40B0 /* whizzby-41134.mp3 */,
				F414D2CF2C21C0EC007F40B0 /* GameViewController.swift */,
				F414D2D12C21C0EC007F40B0 /* Main.storyboard */,
				F414D2D42C21C0EF007F40B0 /* Assets.xcassets */,
				F414D2D62C21C0EF007F40B0 /* LaunchScreen.storyboard */,
				F414D3032C23435B007F40B0 /* GameOverView.swift */,
			);
			path = SpracyShooter;
			sourceTree = "<group>";
		};
		F414D2E02C21C0EF007F40B0 /* SpracyShooterTests */ = {
			isa = PBXGroup;
			children = (
				F414D2E12C21C0EF007F40B0 /* SpracyShooterTests.swift */,
			);
			path = SpracyShooterTests;
			sourceTree = "<group>";
		};
		F414D2EA2C21C0EF007F40B0 /* SpracyShooterUITests */ = {
			isa = PBXGroup;
			children = (
				F414D2EB2C21C0EF007F40B0 /* SpracyShooterUITests.swift */,
				F414D2ED2C21C0EF007F40B0 /* SpracyShooterUITestsLaunchTests.swift */,
				F414D2FA2C21CDDB007F40B0 /* whizzby-41134.mp3 */,
			);
			path = SpracyShooterUITests;
			sourceTree = "<group>";
		};
/* End PBXGroup section */

/* Begin PBXNativeTarget section */
		F414D2C32C21C0EC007F40B0 /* SpracyShooter */ = {
			isa = PBXNativeTarget;
			buildConfigurationList = F414D2F12C21C0EF007F40B0 /* Build configuration list for PBXNativeTarget "SpracyShooter" */;
			buildPhases = (
				F414D2C02C21C0EC007F40B0 /* Sources */,
				F414D2C12C21C0EC007F40B0 /* Frameworks */,
				F414D2C22C21C0EC007F40B0 /* Resources */,
			);
			buildRules = (
			);
			dependencies = (
			);
			name = SpracyShooter;
			productName = SpracyShooter;
			productReference = F414D2C42C21C0EC007F40B0 /* SpracyShooter.app */;
			productType = "com.apple.product-type.application";
		};
		F414D2DC2C21C0EF007F40B0 /* SpracyShooterTests */ = {
			isa = PBXNativeTarget;
			buildConfigurationList = F414D2F42C21C0EF007F40B0 /* Build configuration list for PBXNativeTarget "SpracyShooterTests" */;
			buildPhases = (
				F414D2D92C21C0EF007F40B0 /* Sources */,
				F414D2DA2C21C0EF007F40B0 /* Frameworks */,
				F414D2DB2C21C0EF007F40B0 /* Resources */,
			);
			buildRules = (
			);
			dependencies = (
				F414D2DF2C21C0EF007F40B0 /* PBXTargetDependency */,
			);
			name = SpracyShooterTests;
			productName = SpracyShooterTests;
			productReference = F414D2DD2C21C0EF007F40B0 /* SpracyShooterTests.xctest */;
			productType = "com.apple.product-type.bundle.unit-test";
		};
		F414D2E62C21C0EF007F40B0 /* SpracyShooterUITests */ = {
			isa = PBXNativeTarget;
			buildConfigurationList = F414D2F72C21C0EF007F40B0 /* Build configuration list for PBXNativeTarget "SpracyShooterUITests" */;
			buildPhases = (
				F414D2E32C21C0EF007F40B0 /* Sources */,
				F414D2E42C21C0EF007F40B0 /* Frameworks */,
				F414D2E52C21C0EF007F40B0 /* Resources */,
			);
			buildRules = (
			);
			dependencies = (
				F414D2E92C21C0EF007F40B0 /* PBXTargetDependency */,
			);
			name = SpracyShooterUITests;
			productName = SpracyShooterUITests;
			productReference = F414D2E72C21C0EF007F40B0 /* SpracyShooterUITests.xctest */;
			productType = "com.apple.product-type.bundle.ui-testing";
		};
/* End PBXNativeTarget section */

/* Begin PBXProject section */
		F414D2BC2C21C0EC007F40B0 /* Project object */ = {
			isa = PBXProject;
			attributes = {
				BuildIndependentTargetsInParallel = 1;
				LastSwiftUpdateCheck = 1540;
				LastUpgradeCheck = 1540;
				TargetAttributes = {
					F414D2C32C21C0EC007F40B0 = {
						CreatedOnToolsVersion = 15.4;
					};
					F414D2DC2C21C0EF007F40B0 = {
						CreatedOnToolsVersion = 15.4;
						TestTargetID = F414D2C32C21C0EC007F40B0;
					};
					F414D2E62C21C0EF007F40B0 = {
						CreatedOnToolsVersion = 15.4;
						TestTargetID = F414D2C32C21C0EC007F40B0;
					};
				};
			};
			buildConfigurationList = F414D2BF2C21C0EC007F40B0 /* Build configuration list for PBXProject "SpracyShooter" */;
			compatibilityVersion = "Xcode 14.0";
			developmentRegion = en;
			hasScannedForEncodings = 0;
			knownRegions = (
				en,
				Base,
			);
			mainGroup = F414D2BB2C21C0EC007F40B0;
			productRefGroup = F414D2C52C21C0EC007F40B0 /* Products */;
			projectDirPath = "";
			projectRoot = "";
			targets = (
				F414D2C32C21C0EC007F40B0 /* SpracyShooter */,
				F414D2DC2C21C0EF007F40B0 /* SpracyShooterTests */,
				F414D2E62C21C0EF007F40B0 /* SpracyShooterUITests */,
			);
		};
/* End PBXProject section */

/* Begin PBXResourcesBuildPhase section */
		F414D2C22C21C0EC007F40B0 /* Resources */ = {
			isa = PBXResourcesBuildPhase;
			buildActionMask = 2147483647;
			files = (
				F414D2FB2C21CDDC007F40B0 /* whizzby-41134.mp3 in Resources */,
				F414D2CA2C21C0EC007F40B0 /* GameScene.sks in Resources */,
				F414D2D32C21C0EC007F40B0 /* Base in Resources */,
				F414D2D52C21C0EF007F40B0 /* Assets.xcassets in Resources */,
				F414D2CC2C21C0EC007F40B0 /* Actions.sks in Resources */,
				F414D2D82C21C0EF007F40B0 /* Base in Resources */,
				F414D3002C2208E2007F40B0 /* explosionSound.mp3 in Resources */,
			);
			runOnlyForDeploymentPostprocessing = 0;
		};
		F414D2DB2C21C0EF007F40B0 /* Resources */ = {
			isa = PBXResourcesBuildPhase;
			buildActionMask = 2147483647;
			files = (
			);
			runOnlyForDeploymentPostprocessing = 0;
		};
		F414D2E52C21C0EF007F40B0 /* Resources */ = {
			isa = PBXResourcesBuildPhase;
			buildActionMask = 2147483647;
			files = (
			);
			runOnlyForDeploymentPostprocessing = 0;
		};
/* End PBXResourcesBuildPhase section */

/* Begin PBXSourcesBuildPhase section */
		F414D2C02C21C0EC007F40B0 /* Sources */ = {
			isa = PBXSourcesBuildPhase;
			buildActionMask = 2147483647;
			files = (
				F414D2CE2C21C0EC007F40B0 /* GameScene.swift in Sources */,
				F414D2D02C21C0EC007F40B0 /* GameViewController.swift in Sources */,
				F414D3042C23435B007F40B0 /* GameOverView.swift in Sources */,
				F414D2C82C21C0EC007F40B0 /* AppDelegate.swift in Sources */,
			);
			runOnlyForDeploymentPostprocessing = 0;
		};
		F414D2D92C21C0EF007F40B0 /* Sources */ = {
			isa = PBXSourcesBuildPhase;
			buildActionMask = 2147483647;
			files = (
				F414D2E22C21C0EF007F40B0 /* SpracyShooterTests.swift in Sources */,
			);
			runOnlyForDeploymentPostprocessing = 0;
		};
		F414D2E32C21C0EF007F40B0 /* Sources */ = {
			isa = PBXSourcesBuildPhase;
			buildActionMask = 2147483647;
			files = (
				F414D2EC2C21C0EF007F40B0 /* SpracyShooterUITests.swift in Sources */,
				F414D2EE2C21C0EF007F40B0 /* SpracyShooterUITestsLaunchTests.swift in Sources */,
			);
			runOnlyForDeploymentPostprocessing = 0;
		};
/* End PBXSourcesBuildPhase section */

/* Begin PBXTargetDependency section */
		F414D2DF2C21C0EF007F40B0 /* PBXTargetDependency */ = {
			isa = PBXTargetDependency;
			target = F414D2C32C21C0EC007F40B0 /* SpracyShooter */;
			targetProxy = F414D2DE2C21C0EF007F40B0 /* PBXContainerItemProxy */;
		};
		F414D2E92C21C0EF007F40B0 /* PBXTargetDependency */ = {
			isa = PBXTargetDependency;
			target = F414D2C32C21C0EC007F40B0 /* SpracyShooter */;
			targetProxy = F414D2E82C21C0EF007F40B0 /* PBXContainerItemProxy */;
		};
/* End PBXTargetDependency section */

/* Begin PBXVariantGroup section */
		F414D2D12C21C0EC007F40B0 /* Main.storyboard */ = {
			isa = PBXVariantGroup;
			children = (
				F414D2D22C21C0EC007F40B0 /* Base */,
			);
			name = Main.storyboard;
			sourceTree = "<group>";
		};
		F414D2D62C21C0EF007F40B0 /* LaunchScreen.storyboard */ = {
			isa = PBXVariantGroup;
			children = (
				F414D2D72C21C0EF007F40B0 /* Base */,
			);
			name = LaunchScreen.storyboard;
			sourceTree = "<group>";
		};
/* End PBXVariantGroup section */

/* Begin XCBuildConfiguration section */
		F414D2EF2C21C0EF007F40B0 /* Debug */ = {
			isa = XCBuildConfiguration;
			buildSettings = {
				ALWAYS_SEARCH_USER_PATHS = NO;
				ASSETCATALOG_COMPILER_GENERATE_SWIFT_ASSET_SYMBOL_EXTENSIONS = YES;
				CLANG_ANALYZER_NONNULL = YES;
				CLANG_ANALYZER_NUMBER_OBJECT_CONVERSION = YES_AGGRESSIVE;
				CLANG_CXX_LANGUAGE_STANDARD = "gnu++20";
				CLANG_ENABLE_MODULES = YES;
				CLANG_ENABLE_OBJC_ARC = YES;
				CLANG_ENABLE_OBJC_WEAK = YES;
				CLANG_WARN_BLOCK_CAPTURE_AUTORELEASING = YES;
				CLANG_WARN_BOOL_CONVERSION = YES;
				CLANG_WARN_COMMA = YES;
				CLANG_WARN_CONSTANT_CONVERSION = YES;
				CLANG_WARN_DEPRECATED_OBJC_IMPLEMENTATIONS = YES;
				CLANG_WARN_DIRECT_OBJC_ISA_USAGE = YES_ERROR;
				CLANG_WARN_DOCUMENTATION_COMMENTS = YES;
				CLANG_WARN_EMPTY_BODY = YES;
				CLANG_WARN_ENUM_CONVERSION = YES;
				CLANG_WARN_INFINITE_RECURSION = YES;
				CLANG_WARN_INT_CONVERSION = YES;
				CLANG_WARN_NON_LITERAL_NULL_CONVERSION = YES;
				CLANG_WARN_OBJC_IMPLICIT_RETAIN_SELF = YES;
				CLANG_WARN_OBJC_LITERAL_CONVERSION = YES;
				CLANG_WARN_OBJC_ROOT_CLASS = YES_ERROR;
				CLANG_WARN_QUOTED_INCLUDE_IN_FRAMEWORK_HEADER = YES;
				CLANG_WARN_RANGE_LOOP_ANALYSIS = YES;
				CLANG_WARN_STRICT_PROTOTYPES = YES;
				CLANG_WARN_SUSPICIOUS_MOVE = YES;
				CLANG_WARN_UNGUARDED_AVAILABILITY = YES_AGGRESSIVE;
				CLANG_WARN_UNREACHABLE_CODE = YES;
				CLANG_WARN__DUPLICATE_METHOD_MATCH = YES;
				COPY_PHASE_STRIP = NO;
				DEBUG_INFORMATION_FORMAT = dwarf;
				ENABLE_STRICT_OBJC_MSGSEND = YES;
				ENABLE_TESTABILITY = YES;
				ENABLE_USER_SCRIPT_SANDBOXING = YES;
				GCC_C_LANGUAGE_STANDARD = gnu17;
				GCC_DYNAMIC_NO_PIC = NO;
				GCC_NO_COMMON_BLOCKS = YES;
				GCC_OPTIMIZATION_LEVEL = 0;
				GCC_PREPROCESSOR_DEFINITIONS = (
					"DEBUG=1",
					"$(inherited)",
				);
				GCC_WARN_64_TO_32_BIT_CONVERSION = YES;
				GCC_WARN_ABOUT_RETURN_TYPE = YES_ERROR;
				GCC_WARN_UNDECLARED_SELECTOR = YES;
				GCC_WARN_UNINITIALIZED_AUTOS = YES_AGGRESSIVE;
				GCC_WARN_UNUSED_FUNCTION = YES;
				GCC_WARN_UNUSED_VARIABLE = YES;
				IPHONEOS_DEPLOYMENT_TARGET = 17.5;
				LOCALIZATION_PREFERS_STRING_CATALOGS = YES;
				MTL_ENABLE_DEBUG_INFO = INCLUDE_SOURCE;
				MTL_FAST_MATH = YES;
				ONLY_ACTIVE_ARCH = YES;
				SDKROOT = iphoneos;
				SWIFT_ACTIVE_COMPILATION_CONDITIONS = "DEBUG $(inherited)";
				SWIFT_OPTIMIZATION_LEVEL = "-Onone";
			};
			name = Debug;
		};
		F414D2F02C21C0EF007F40B0 /* Release */ = {
			isa = XCBuildConfiguration;
			buildSettings = {
				ALWAYS_SEARCH_USER_PATHS = NO;
				ASSETCATALOG_COMPILER_GENERATE_SWIFT_ASSET_SYMBOL_EXTENSIONS = YES;
				CLANG_ANALYZER_NONNULL = YES;
				CLANG_ANALYZER_NUMBER_OBJECT_CONVERSION = YES_AGGRESSIVE;
				CLANG_CXX_LANGUAGE_STANDARD = "gnu++20";
				CLANG_ENABLE_MODULES = YES;
				CLANG_ENABLE_OBJC_ARC = YES;
				CLANG_ENABLE_OBJC_WEAK = YES;
				CLANG_WARN_BLOCK_CAPTURE_AUTORELEASING = YES;
				CLANG_WARN_BOOL_CONVERSION = YES;
				CLANG_WARN_COMMA = YES;
				CLANG_WARN_CONSTANT_CONVERSION = YES;
				CLANG_WARN_DEPRECATED_OBJC_IMPLEMENTATIONS = YES;
				CLANG_WARN_DIRECT_OBJC_ISA_USAGE = YES_ERROR;
				CLANG_WARN_DOCUMENTATION_COMMENTS = YES;
				CLANG_WARN_EMPTY_BODY = YES;
				CLANG_WARN_ENUM_CONVERSION = YES;
				CLANG_WARN_INFINITE_RECURSION = YES;
				CLANG_WARN_INT_CONVERSION = YES;
				CLANG_WARN_NON_LITERAL_NULL_CONVERSION = YES;
				CLANG_WARN_OBJC_IMPLICIT_RETAIN_SELF = YES;
				CLANG_WARN_OBJC_LITERAL_CONVERSION = YES;
				CLANG_WARN_OBJC_ROOT_CLASS = YES_ERROR;
				CLANG_WARN_QUOTED_INCLUDE_IN_FRAMEWORK_HEADER = YES;
				CLANG_WARN_RANGE_LOOP_ANALYSIS = YES;
				CLANG_WARN_STRICT_PROTOTYPES = YES;
				CLANG_WARN_SUSPICIOUS_MOVE = YES;
				CLANG_WARN_UNGUARDED_AVAILABILITY = YES_AGGRESSIVE;
				CLANG_WARN_UNREACHABLE_CODE = YES;
				CLANG_WARN__DUPLICATE_METHOD_MATCH = YES;
				COPY_PHASE_STRIP = NO;
				DEBUG_INFORMATION_FORMAT = "dwarf-with-dsym";
				ENABLE_NS_ASSERTIONS = NO;
				ENABLE_STRICT_OBJC_MSGSEND = YES;
				ENABLE_USER_SCRIPT_SANDBOXING = YES;
				GCC_C_LANGUAGE_STANDARD = gnu17;
				GCC_NO_COMMON_BLOCKS = YES;
				GCC_WARN_64_TO_32_BIT_CONVERSION = YES;
				GCC_WARN_ABOUT_RETURN_TYPE = YES_ERROR;
				GCC_WARN_UNDECLARED_SELECTOR = YES;
				GCC_WARN_UNINITIALIZED_AUTOS = YES_AGGRESSIVE;
				GCC_WARN_UNUSED_FUNCTION = YES;
				GCC_WARN_UNUSED_VARIABLE = YES;
				IPHONEOS_DEPLOYMENT_TARGET = 17.5;
				LOCALIZATION_PREFERS_STRING_CATALOGS = YES;
				MTL_ENABLE_DEBUG_INFO = NO;
				MTL_FAST_MATH = YES;
				SDKROOT = iphoneos;
				SWIFT_COMPILATION_MODE = wholemodule;
				VALIDATE_PRODUCT = YES;
			};
			name = Release;
		};
		F414D2F22C21C0EF007F40B0 /* Debug */ = {
			isa = XCBuildConfiguration;
			buildSettings = {
				ASSETCATALOG_COMPILER_APPICON_NAME = AppIcon;
				ASSETCATALOG_COMPILER_GLOBAL_ACCENT_COLOR_NAME = AccentColor;
				CODE_SIGN_STYLE = Automatic;
				CURRENT_PROJECT_VERSION = 1;
				DEVELOPMENT_TEAM = Y88M7L6GPF;
				GENERATE_INFOPLIST_FILE = YES;
				INFOPLIST_KEY_UIApplicationSupportsIndirectInputEvents = YES;
				INFOPLIST_KEY_UILaunchStoryboardName = LaunchScreen;
				INFOPLIST_KEY_UIMainStoryboardFile = Main;
				INFOPLIST_KEY_UIRequiresFullScreen = YES;
				INFOPLIST_KEY_UIStatusBarHidden = YES;
				INFOPLIST_KEY_UISupportedInterfaceOrientations = "UIInterfaceOrientationPortrait UIInterfaceOrientationPortraitUpsideDown";
				IPHONEOS_DEPLOYMENT_TARGET = 16.0;
				LD_RUNPATH_SEARCH_PATHS = (
					"$(inherited)",
					"@executable_path/Frameworks",
				);
				MARKETING_VERSION = 1.0;
				PRODUCT_BUNDLE_IDENTIFIER = StenioLima.SpracyShooter;
				PRODUCT_NAME = "$(TARGET_NAME)";
				SWIFT_EMIT_LOC_STRINGS = YES;
				SWIFT_VERSION = 5.0;
				TARGETED_DEVICE_FAMILY = "1,2";
			};
			name = Debug;
		};
		F414D2F32C21C0EF007F40B0 /* Release */ = {
			isa = XCBuildConfiguration;
			buildSettings = {
				ASSETCATALOG_COMPILER_APPICON_NAME = AppIcon;
				ASSETCATALOG_COMPILER_GLOBAL_ACCENT_COLOR_NAME = AccentColor;
				CODE_SIGN_STYLE = Automatic;
				CURRENT_PROJECT_VERSION = 1;
				DEVELOPMENT_TEAM = Y88M7L6GPF;
				GENERATE_INFOPLIST_FILE = YES;
				INFOPLIST_KEY_UIApplicationSupportsIndirectInputEvents = YES;
				INFOPLIST_KEY_UILaunchStoryboardName = LaunchScreen;
				INFOPLIST_KEY_UIMainStoryboardFile = Main;
				INFOPLIST_KEY_UIRequiresFullScreen = YES;
				INFOPLIST_KEY_UIStatusBarHidden = YES;
				INFOPLIST_KEY_UISupportedInterfaceOrientations = "UIInterfaceOrientationPortrait UIInterfaceOrientationPortraitUpsideDown";
				IPHONEOS_DEPLOYMENT_TARGET = 16.0;
				LD_RUNPATH_SEARCH_PATHS = (
					"$(inherited)",
					"@executable_path/Frameworks",
				);
				MARKETING_VERSION = 1.0;
				PRODUCT_BUNDLE_IDENTIFIER = StenioLima.SpracyShooter;
				PRODUCT_NAME = "$(TARGET_NAME)";
				SWIFT_EMIT_LOC_STRINGS = YES;
				SWIFT_VERSION = 5.0;
				TARGETED_DEVICE_FAMILY = "1,2";
			};
			name = Release;
		};
		F414D2F52C21C0EF007F40B0 /* Debug */ = {
			isa = XCBuildConfiguration;
			buildSettings = {
				ALWAYS_EMBED_SWIFT_STANDARD_LIBRARIES = YES;
				BUNDLE_LOADER = "$(TEST_HOST)";
				CODE_SIGN_STYLE = Automatic;
				CURRENT_PROJECT_VERSION = 1;
				DEVELOPMENT_TEAM = Y88M7L6GPF;
				GENERATE_INFOPLIST_FILE = YES;
				IPHONEOS_DEPLOYMENT_TARGET = 17.5;
				MARKETING_VERSION = 1.0;
				PRODUCT_BUNDLE_IDENTIFIER = StenioLima.SpracyShooterTests;
				PRODUCT_NAME = "$(TARGET_NAME)";
				SWIFT_EMIT_LOC_STRINGS = NO;
				SWIFT_VERSION = 5.0;
				TARGETED_DEVICE_FAMILY = "1,2";
				TEST_HOST = "$(BUILT_PRODUCTS_DIR)/SpracyShooter.app/$(BUNDLE_EXECUTABLE_FOLDER_PATH)/SpracyShooter";
			};
			name = Debug;
		};
		F414D2F62C21C0EF007F40B0 /* Release */ = {
			isa = XCBuildConfiguration;
			buildSettings = {
				ALWAYS_EMBED_SWIFT_STANDARD_LIBRARIES = YES;
				BUNDLE_LOADER = "$(TEST_HOST)";
				CODE_SIGN_STYLE = Automatic;
				CURRENT_PROJECT_VERSION = 1;
				DEVELOPMENT_TEAM = Y88M7L6GPF;
				GENERATE_INFOPLIST_FILE = YES;
				IPHONEOS_DEPLOYMENT_TARGET = 17.5;
				MARKETING_VERSION = 1.0;
				PRODUCT_BUNDLE_IDENTIFIER = StenioLima.SpracyShooterTests;
				PRODUCT_NAME = "$(TARGET_NAME)";
				SWIFT_EMIT_LOC_STRINGS = NO;
				SWIFT_VERSION = 5.0;
				TARGETED_DEVICE_FAMILY = "1,2";
				TEST_HOST = "$(BUILT_PRODUCTS_DIR)/SpracyShooter.app/$(BUNDLE_EXECUTABLE_FOLDER_PATH)/SpracyShooter";
			};
			name = Release;
		};
		F414D2F82C21C0EF007F40B0 /* Debug */ = {
			isa = XCBuildConfiguration;
			buildSettings = {
				ALWAYS_EMBED_SWIFT_STANDARD_LIBRARIES = YES;
				CODE_SIGN_STYLE = Automatic;
				CURRENT_PROJECT_VERSION = 1;
				DEVELOPMENT_TEAM = Y88M7L6GPF;
				GENERATE_INFOPLIST_FILE = YES;
				MARKETING_VERSION = 1.0;
				PRODUCT_BUNDLE_IDENTIFIER = StenioLima.SpracyShooterUITests;
				PRODUCT_NAME = "$(TARGET_NAME)";
				SWIFT_EMIT_LOC_STRINGS = NO;
				SWIFT_VERSION = 5.0;
				TARGETED_DEVICE_FAMILY = "1,2";
				TEST_TARGET_NAME = SpracyShooter;
			};
			name = Debug;
		};
		F414D2F92C21C0EF007F40B0 /* Release */ = {
			isa = XCBuildConfiguration;
			buildSettings = {
				ALWAYS_EMBED_SWIFT_STANDARD_LIBRARIES = YES;
				CODE_SIGN_STYLE = Automatic;
				CURRENT_PROJECT_VERSION = 1;
				DEVELOPMENT_TEAM = Y88M7L6GPF;
				GENERATE_INFOPLIST_FILE = YES;
				MARKETING_VERSION = 1.0;
				PRODUCT_BUNDLE_IDENTIFIER = StenioLima.SpracyShooterUITests;
				PRODUCT_NAME = "$(TARGET_NAME)";
				SWIFT_EMIT_LOC_STRINGS = NO;
				SWIFT_VERSION = 5.0;
				TARGETED_DEVICE_FAMILY = "1,2";
				TEST_TARGET_NAME = SpracyShooter;
			};
			name = Release;
		};
/* End XCBuildConfiguration section */

/* Begin XCConfigurationList section */
		F414D2BF2C21C0EC007F40B0 /* Build configuration list for PBXProject "SpracyShooter" */ = {
			isa = XCConfigurationList;
			buildConfigurations = (
				F414D2EF2C21C0EF007F40B0 /* Debug */,
				F414D2F02C21C0EF007F40B0 /* Release */,
			);
			defaultConfigurationIsVisible = 0;
			defaultConfigurationName = Release;
		};
		F414D2F12C21C0EF007F40B0 /* Build configuration list for PBXNativeTarget "SpracyShooter" */ = {
			isa = XCConfigurationList;
			buildConfigurations = (
				F414D2F22C21C0EF007F40B0 /* Debug */,
				F414D2F32C21C0EF007F40B0 /* Release */,
			);
			defaultConfigurationIsVisible = 0;
			defaultConfigurationName = Release;
		};
		F414D2F42C21C0EF007F40B0 /* Build configuration list for PBXNativeTarget "SpracyShooterTests" */ = {
			isa = XCConfigurationList;
			buildConfigurations = (
				F414D2F52C21C0EF007F40B0 /* Debug */,
				F414D2F62C21C0EF007F40B0 /* Release */,
			);
			defaultConfigurationIsVisible = 0;
			defaultConfigurationName = Release;
		};
		F414D2F72C21C0EF007F40B0 /* Build configuration list for PBXNativeTarget "SpracyShooterUITests" */ = {
			isa = XCConfigurationList;
			buildConfigurations = (
				F414D2F82C21C0EF007F40B0 /* Debug */,
				F414D2F92C21C0EF007F40B0 /* Release */,
			);
			defaultConfigurationIsVisible = 0;
			defaultConfigurationName = Release;
		};
/* End XCConfigurationList section */
	};
	rootObject = F414D2BC2C21C0EC007F40B0 /* Project object */;
}
